# THIS IS AN AUTOGENERATED FILE. DO NOT EDIT THIS FILE DIRECTLY.
# yarn lockfile v1


"@apollo/client@^3.2.4":
  "integrity" "sha512-lfsxKINoc11+g4NQFyKFuxszc/GlecHrxkJYvx/oWkdpscSU5bm/c+BwI/yvk1/E3yfbR7Afi9XIYrt212xrtA=="
  "resolved" "https://registry.npmjs.org/@apollo/client/-/client-3.2.4.tgz"
  "version" "3.2.4"
  dependencies:
    "@graphql-typed-document-node/core" "^3.0.0"
    "@types/zen-observable" "^0.8.0"
    "@wry/context" "^0.5.2"
    "@wry/equality" "^0.2.0"
    "fast-json-stable-stringify" "^2.0.0"
    "graphql-tag" "^2.11.0"
    "hoist-non-react-statics" "^3.3.2"
    "optimism" "^0.13.0"
    "prop-types" "^15.7.2"
    "symbol-observable" "^2.0.0"
    "terser" "^5.2.0"
    "ts-invariant" "^0.4.4"
    "tslib" "^1.10.0"
    "zen-observable" "^0.8.14"

"@babel/runtime@^7.1.2", "@babel/runtime@^7.2.0":
  "integrity" "sha512-TeWkU52so0mPtDcaCTxNBI/IHiz0pZgr8VEFqXFtZWpYD08ZB6FaSwVAS8MKRQAP3bYKiVjwysOJgMFY28o6Tw=="
  "resolved" "https://registry.npmjs.org/@babel/runtime/-/runtime-7.11.2.tgz"
  "version" "7.11.2"
  dependencies:
    "regenerator-runtime" "^0.13.4"

"@graphql-typed-document-node/core@^3.0.0":
  "integrity" "sha512-wYn6r8zVZyQJ6rQaALBEln5B1pzxb9shV5Ef97kTvn6yVGrqyXVnDqnU24MXnFubR+rZjBY9NWuxX3FB2sTsjg=="
  "resolved" "https://registry.npmjs.org/@graphql-typed-document-node/core/-/core-3.1.0.tgz"
  "version" "3.1.0"

"@next/env@12.1.0":
  "integrity" "sha512-nrIgY6t17FQ9xxwH3jj0a6EOiQ/WDHUos35Hghtr+SWN/ntHIQ7UpuvSi0vaLzZVHQWaDupKI+liO5vANcDeTQ=="
  "resolved" "https://registry.npmjs.org/@next/env/-/env-12.1.0.tgz"
  "version" "12.1.0"

"@next/swc-darwin-x64@12.1.0":
  "integrity" "sha512-ieAz0/J0PhmbZBB8+EA/JGdhRHBogF8BWaeqR7hwveb6SYEIJaDNQy0I+ZN8gF8hLj63bEDxJAs/cEhdnTq+ug=="
  "resolved" "https://registry.npmjs.org/@next/swc-darwin-x64/-/swc-darwin-x64-12.1.0.tgz"
  "version" "12.1.0"

"@stripe/react-stripe-js@^1.1.2":
  "integrity" "sha512-07hu8RJXwWKGbvdvd1yt1cYvGtDB8jFX+q10f7FQuItUt9rlSo0am3WIx845iMHANiYgxyRb1PS201Yle9xxPQ=="
  "resolved" "https://registry.npmjs.org/@stripe/react-stripe-js/-/react-stripe-js-1.1.2.tgz"
  "version" "1.1.2"
  dependencies:
    "prop-types" "^15.7.2"

"@stripe/stripe-js@^1.10.0", "@stripe/stripe-js@^1.2.0":
  "integrity" "sha512-NMizRRaZNwIP6LIUA13Ow8D63v7m0CeSJrxE5JUdC6A1PGRHRKW5zkS22sMAY3l6n0sqlnoVesZ3xJQC7/rF3w=="
  "resolved" "https://registry.npmjs.org/@stripe/stripe-js/-/stripe-js-1.10.0.tgz"
  "version" "1.10.0"

"@types/zen-observable@^0.8.0":
  "integrity" "sha512-wmk0xQI6Yy7Fs/il4EpOcflG4uonUpYGqvZARESLc2oy4u69fkatFLbJOeW4Q6awO15P4rduAe6xkwHevpXcUQ=="
  "resolved" "https://registry.npmjs.org/@types/zen-observable/-/zen-observable-0.8.1.tgz"
  "version" "0.8.1"

"@wry/context@^0.5.2":
  "integrity" "sha512-B/JLuRZ/vbEKHRUiGj6xiMojST1kHhu4WcreLfNN7q9DqQFrb97cWgf/kiYsPSUCAMVN0HzfFc8XjJdzgZzfjw=="
  "resolved" "https://registry.npmjs.org/@wry/context/-/context-0.5.2.tgz"
  "version" "0.5.2"
  dependencies:
    "tslib" "^1.9.3"

"@wry/equality@^0.2.0":
  "integrity" "sha512-Y4d+WH6hs+KZJUC8YKLYGarjGekBrhslDbf/R20oV+AakHPINSitHfDRQz3EGcEWc1luXYNUvMhawWtZVWNGvQ=="
  "resolved" "https://registry.npmjs.org/@wry/equality/-/equality-0.2.0.tgz"
  "version" "0.2.0"
  dependencies:
    "tslib" "^1.9.3"

"axios@^0.21.0":
  "integrity" "sha512-ut5vewkiu8jjGBdqpM44XxjuCjq9LAKeHVmoVfHVzy8eHgxxq8SbAVQNovDA8mVi05kP0Ea/n/UzcSHcTJQfNg=="
  "resolved" "https://registry.npmjs.org/axios/-/axios-0.21.4.tgz"
  "version" "0.21.4"
  dependencies:
    "follow-redirects" "^1.14.0"

"buffer-from@^1.0.0":
  "integrity" "sha512-MQcXEUbCKtEo7bhqEs6560Hyd4XaovZlO/k9V3hjVUF/zwW7KBVdSK4gIt/bzwS9MbR5qob+F5jusZsb0YQK2A=="
  "resolved" "https://registry.npmjs.org/buffer-from/-/buffer-from-1.1.1.tgz"
  "version" "1.1.1"

"caniuse-lite@^1.0.30001283":
  "integrity" "sha512-xjlIAFHucBRSMUo1kb5D4LYgcN1M45qdKP++lhqowDpwJwGkpIRTt5qQqnhxjj1vHcI7nrJxWhCC1ATrCEBTcw=="
  "resolved" "https://registry.npmjs.org/caniuse-lite/-/caniuse-lite-1.0.30001319.tgz"
  "version" "1.0.30001319"

"classnames@^2.2.3":
  "integrity" "sha512-JR/iSQOSt+LQIWwrwEzJ9uk0xfN3mTVYMwt1Ir5mUcSN6pU+V4zQFFaJsclJbPuAUQH+yfWef6tm7l1quW3C8Q=="
  "resolved" "https://registry.npmjs.org/classnames/-/classnames-2.2.6.tgz"
  "version" "2.2.6"

"commander@^2.20.0":
  "integrity" "sha512-GpVkmM8vF2vQUkj2LvZmD35JxeJOLCwJ9cUkugyk2nuhbv3+mJvpLYYt+0+USMxE+oj+ey/lJEnhZw75x/OMcQ=="
  "resolved" "https://registry.npmjs.org/commander/-/commander-2.20.3.tgz"
  "version" "2.20.3"

"create-react-context@^0.3.0":
  "integrity" "sha512-dNldIoSuNSvlTJ7slIKC/ZFGKexBMBrrcc+TTe1NdmROnaASuLPvqpwj9v4XS4uXZ8+YPu0sNmShX2rXI5LNsw=="
  "resolved" "https://registry.npmjs.org/create-react-context/-/create-react-context-0.3.0.tgz"
  "version" "0.3.0"
  dependencies:
    "gud" "^1.0.0"
    "warning" "^4.0.3"

"deep-equal@^1.1.1":
  "integrity" "sha512-yd9c5AdiqVcR+JjcwUQb9DkhJc8ngNr0MahEBGvDiJw8puWab2yZlh+nkasOnZP+EGTAP6rRp2JzJhJZzvNF8g=="
  "resolved" "https://registry.npmjs.org/deep-equal/-/deep-equal-1.1.1.tgz"
  "version" "1.1.1"
  dependencies:
    "is-arguments" "^1.0.4"
    "is-date-object" "^1.0.1"
    "is-regex" "^1.0.4"
    "object-is" "^1.0.1"
    "object-keys" "^1.1.1"
    "regexp.prototype.flags" "^1.2.0"

"define-properties@^1.1.3":
  "integrity" "sha512-3MqfYKj2lLzdMSf8ZIZE/V+Zuy+BgD6f164e8K2w7dgnpKArBDerGYpM46IYYcjnkdPNMjPk9A6VFB8+3SKlXQ=="
  "resolved" "https://registry.npmjs.org/define-properties/-/define-properties-1.1.3.tgz"
  "version" "1.1.3"
  dependencies:
    "object-keys" "^1.0.12"

"dom-helpers@^3.4.0":
  "integrity" "sha512-LnuPJ+dwqKDIyotW1VzmOZ5TONUN7CwkCR5hrgawTUbkBGYdeoNLZo6nNfGkCrjtE1nXXaj7iMMpDa8/d9WoIA=="
  "resolved" "https://registry.npmjs.org/dom-helpers/-/dom-helpers-3.4.0.tgz"
  "version" "3.4.0"
  dependencies:
    "@babel/runtime" "^7.1.2"

"es-abstract@^1.17.0-next.1":
  "integrity" "sha512-VBl/gnfcJ7OercKA9MVaegWsBHFjV492syMudcnQZvt/Dw8ezpcOHYZXa/J96O8vx+g4x65YKhxOwDUh63aS5g=="
  "resolved" "https://registry.npmjs.org/es-abstract/-/es-abstract-1.17.7.tgz"
  "version" "1.17.7"
  dependencies:
    "es-to-primitive" "^1.2.1"
    "function-bind" "^1.1.1"
    "has" "^1.0.3"
    "has-symbols" "^1.0.1"
    "is-callable" "^1.2.2"
    "is-regex" "^1.1.1"
    "object-inspect" "^1.8.0"
    "object-keys" "^1.1.1"
    "object.assign" "^4.1.1"
    "string.prototype.trimend" "^1.0.1"
    "string.prototype.trimstart" "^1.0.1"

"es-abstract@^1.17.5":
  "integrity" "sha512-VBl/gnfcJ7OercKA9MVaegWsBHFjV492syMudcnQZvt/Dw8ezpcOHYZXa/J96O8vx+g4x65YKhxOwDUh63aS5g=="
  "resolved" "https://registry.npmjs.org/es-abstract/-/es-abstract-1.17.7.tgz"
  "version" "1.17.7"
  dependencies:
    "es-to-primitive" "^1.2.1"
    "function-bind" "^1.1.1"
    "has" "^1.0.3"
    "has-symbols" "^1.0.1"
    "is-callable" "^1.2.2"
    "is-regex" "^1.1.1"
    "object-inspect" "^1.8.0"
    "object-keys" "^1.1.1"
    "object.assign" "^4.1.1"
    "string.prototype.trimend" "^1.0.1"
    "string.prototype.trimstart" "^1.0.1"

"es-abstract@^1.18.0-next.0", "es-abstract@^1.18.0-next.1":
  "integrity" "sha512-I4UGspA0wpZXWENrdA0uHbnhte683t3qT/1VFH9aX2dA5PPSf6QW5HHXf5HImaqPmjXaVeVk4RGWnaylmV7uAA=="
  "resolved" "https://registry.npmjs.org/es-abstract/-/es-abstract-1.18.0-next.1.tgz"
  "version" "1.18.0-next.1"
  dependencies:
    "es-to-primitive" "^1.2.1"
    "function-bind" "^1.1.1"
    "has" "^1.0.3"
    "has-symbols" "^1.0.1"
    "is-callable" "^1.2.2"
    "is-negative-zero" "^2.0.0"
    "is-regex" "^1.1.1"
    "object-inspect" "^1.8.0"
    "object-keys" "^1.1.1"
    "object.assign" "^4.1.1"
    "string.prototype.trimend" "^1.0.1"
    "string.prototype.trimstart" "^1.0.1"

"es-to-primitive@^1.2.1":
  "integrity" "sha512-QCOllgZJtaUo9miYBcLChTUaHNjJF3PYs1VidD7AwiEj1kYxKeQTctLAezAOH5ZKRH0g2IgPn6KwB4IT8iRpvA=="
  "resolved" "https://registry.npmjs.org/es-to-primitive/-/es-to-primitive-1.2.1.tgz"
  "version" "1.2.1"
  dependencies:
    "is-callable" "^1.1.4"
    "is-date-object" "^1.0.1"
    "is-symbol" "^1.0.2"

"fast-json-stable-stringify@^2.0.0":
  "integrity" "sha512-lhd/wF+Lk98HZoTCtlVraHtfh5XYijIjalXck7saUtuanSDyLMxnHhSXEDJqHxD7msR8D0uCmqlkwjCV8xvwHw=="
  "resolved" "https://registry.npmjs.org/fast-json-stable-stringify/-/fast-json-stable-stringify-2.1.0.tgz"
  "version" "2.1.0"

"follow-redirects@^1.14.0":
  "integrity" "sha512-MQDfihBQYMcyy5dhRDJUHcw7lb2Pv/TuE6xP1vyraLukNDHKbDxDNaOE3NbCAdKQApno+GPRyo1YAp89yCjK4w=="
  "resolved" "https://registry.npmjs.org/follow-redirects/-/follow-redirects-1.14.9.tgz"
  "version" "1.14.9"

"function-bind@^1.1.1":
  "integrity" "sha512-yIovAzMX49sF8Yl58fSCWJ5svSLuaibPxXQJFLmBObTuCr0Mf1KiPopGM9NiFjiYBCbfaa2Fh6breQ6ANVTI0A=="
  "resolved" "https://registry.npmjs.org/function-bind/-/function-bind-1.1.1.tgz"
  "version" "1.1.1"

"graphql-tag@^2.11.0":
  "integrity" "sha512-VmsD5pJqWJnQZMUeRwrDhfgoyqcfwEkvtpANqcoUG8/tOLkwNgU9mzub/Mc78OJMhHjx7gfAMTxzdG43VGg3bA=="
  "resolved" "https://registry.npmjs.org/graphql-tag/-/graphql-tag-2.11.0.tgz"
  "version" "2.11.0"

"graphql@^0.8.0 || ^0.9.0 || ^0.10.0 || ^0.11.0 || ^0.12.0 || ^0.13.0 || ^14.0.0 || ^15.0.0", "graphql@^0.9.0 || ^0.10.0 || ^0.11.0 || ^0.12.0 || ^0.13.0 || ^14.0.0 || ^15.0.0", "graphql@^14.0.0 || ^15.0.0", "graphql@^15.3.0":
  "integrity" "sha512-GTCJtzJmkFLWRfFJuoo9RWWa/FfamUHgiFosxi/X1Ani4AVWbeyBenZTNX6dM+7WSbbFfTo/25eh0LLkwHMw2w=="
  "resolved" "https://registry.npmjs.org/graphql/-/graphql-15.3.0.tgz"
  "version" "15.3.0"

"gud@^1.0.0":
  "integrity" "sha512-zGEOVKFM5sVPPrYs7J5/hYEw2Pof8KCyOwyhG8sAF26mCAeUFAcYPu1mwB7hhpIP29zOIBaDqwuHdLp0jvZXjw=="
  "resolved" "https://registry.npmjs.org/gud/-/gud-1.0.0.tgz"
  "version" "1.0.0"

"has-symbols@^1.0.1":
  "integrity" "sha512-PLcsoqu++dmEIZB+6totNFKq/7Do+Z0u4oT0zKOJNl3lYK6vGwwu2hjHs+68OEZbTjiUE9bgOABXbP/GvrS0Kg=="
  "resolved" "https://registry.npmjs.org/has-symbols/-/has-symbols-1.0.1.tgz"
  "version" "1.0.1"

"has@^1.0.3":
  "integrity" "sha512-f2dvO0VU6Oej7RkWJGrehjbzMAjFp5/VKPp5tTpWIV4JHHZK1/BxbFRtf/siA2SWTe09caDmVtYYzWEIbBS4zw=="
  "resolved" "https://registry.npmjs.org/has/-/has-1.0.3.tgz"
  "version" "1.0.3"
  dependencies:
    "function-bind" "^1.1.1"

"hoist-non-react-statics@^3.3.2":
  "integrity" "sha512-/gGivxi8JPKWNm/W0jSmzcMPpfpPLc3dY/6GxhX2hQ9iGj3aDfklV4ET7NjKpSinLpJ5vafa9iiGIEZg10SfBw=="
  "resolved" "https://registry.npmjs.org/hoist-non-react-statics/-/hoist-non-react-statics-3.3.2.tgz"
  "version" "3.3.2"
  dependencies:
    "react-is" "^16.7.0"

"is-arguments@^1.0.4":
  "integrity" "sha512-xPh0Rmt8NE65sNzvyUmWgI1tz3mKq74lGA0mL8LYZcoIzKOzDh6HmrYm3d18k60nHerC8A9Km8kYu87zfSFnLA=="
  "resolved" "https://registry.npmjs.org/is-arguments/-/is-arguments-1.0.4.tgz"
  "version" "1.0.4"

"is-callable@^1.1.4", "is-callable@^1.2.2":
  "integrity" "sha512-dnMqspv5nU3LoewK2N/y7KLtxtakvTuaCsU9FU50/QDmdbHNy/4/JuRtMHqRU22o3q+W89YQndQEeCVwK+3qrA=="
  "resolved" "https://registry.npmjs.org/is-callable/-/is-callable-1.2.2.tgz"
  "version" "1.2.2"

"is-date-object@^1.0.1":
  "integrity" "sha512-USlDT524woQ08aoZFzh3/Z6ch9Y/EWXEHQ/AaRN0SkKq4t2Jw2R2339tSXmwuVoY7LLlBCbOIlx2myP/L5zk0g=="
  "resolved" "https://registry.npmjs.org/is-date-object/-/is-date-object-1.0.2.tgz"
  "version" "1.0.2"

"is-negative-zero@^2.0.0":
  "integrity" "sha1-lVOxIbD6wohp2p7UWeIMdUN4hGE="
  "resolved" "https://registry.npmjs.org/is-negative-zero/-/is-negative-zero-2.0.0.tgz"
  "version" "2.0.0"

"is-regex@^1.0.4", "is-regex@^1.1.1":
  "integrity" "sha512-1+QkEcxiLlB7VEyFtyBg94e08OAsvq7FUBgApTq/w2ymCLyKJgDPsybBENVtA7XCQEgEXxKPonG+mvYRxh/LIg=="
  "resolved" "https://registry.npmjs.org/is-regex/-/is-regex-1.1.1.tgz"
  "version" "1.1.1"
  dependencies:
    "has-symbols" "^1.0.1"

"is-symbol@^1.0.2":
  "integrity" "sha512-OwijhaRSgqvhm/0ZdAcXNZt9lYdKFpcRDT5ULUuYXPoT794UNOdU+gpT6Rzo7b4V2HUl/op6GqY894AZwv9faQ=="
  "resolved" "https://registry.npmjs.org/is-symbol/-/is-symbol-1.0.3.tgz"
  "version" "1.0.3"
  dependencies:
    "has-symbols" "^1.0.1"

"isomorphic-fetch@^3.0.0":
  "integrity" "sha512-qvUtwJ3j6qwsF3jLxkZ72qCgjMysPzDfeV240JHiGZsANBYd+EEuu35v7dfrJ9Up0Ak07D7GGSkGhCHTqg/5wA=="
  "resolved" "https://registry.npmjs.org/isomorphic-fetch/-/isomorphic-fetch-3.0.0.tgz"
  "version" "3.0.0"
  dependencies:
    "node-fetch" "^2.6.1"
    "whatwg-fetch" "^3.4.1"

"js-cookie@^2.2.1":
  "integrity" "sha512-HvdH2LzI/EAZcUwA8+0nKNtWHqS+ZmijLA30RwZA0bo7ToCckjK5MkGhjED9KoRcXO6BaGI3I9UIzSA1FKFPOQ=="
  "resolved" "https://registry.npmjs.org/js-cookie/-/js-cookie-2.2.1.tgz"
  "version" "2.2.1"

"js-tokens@^3.0.0 || ^4.0.0":
  "integrity" "sha512-RdJUflcE3cUzKiMqQgsCu06FPu9UdIJO0beYbPhHN4k6apgJtifcoCtT9bcxOpYBtpD2kCM6Sbzg4CausW/PKQ=="
  "resolved" "https://registry.npmjs.org/js-tokens/-/js-tokens-4.0.0.tgz"
  "version" "4.0.0"

"loose-envify@^1.0.0", "loose-envify@^1.1.0", "loose-envify@^1.4.0":
  "integrity" "sha512-lyuxPGr/Wfhrlem2CL/UcnUc1zcqKAImBDzukY7Y5F/yQiNdko6+fRLevlw1HgMySw7f611UIY408EtxRSoK3Q=="
  "resolved" "https://registry.npmjs.org/loose-envify/-/loose-envify-1.4.0.tgz"
  "version" "1.4.0"
  dependencies:
    "js-tokens" "^3.0.0 || ^4.0.0"

"nanoid@^3.1.30":
  "integrity" "sha512-n6Vs/3KGyxPQd6uO0eH4Bv0ojGSUvuLlIHtC3Y0kEO23YRge8H9x1GCzLn28YX0H66pMkxuaeESFq4tKISKwdw=="
  "resolved" "https://registry.npmjs.org/nanoid/-/nanoid-3.3.1.tgz"
  "version" "3.3.1"

"next@^12.1.0":
  "integrity" "sha512-s885kWvnIlxsUFHq9UGyIyLiuD0G3BUC/xrH0CEnH5lHEWkwQcHOORgbDF0hbrW9vr/7am4ETfX4A7M6DjrE7Q=="
  "resolved" "https://registry.npmjs.org/next/-/next-12.1.0.tgz"
  "version" "12.1.0"
  dependencies:
    "@next/env" "12.1.0"
    "caniuse-lite" "^1.0.30001283"
    "postcss" "8.4.5"
    "styled-jsx" "5.0.0"
    "use-subscription" "1.5.1"
  optionalDependencies:
    "@next/swc-android-arm64" "12.1.0"
    "@next/swc-darwin-arm64" "12.1.0"
    "@next/swc-darwin-x64" "12.1.0"
    "@next/swc-linux-arm-gnueabihf" "12.1.0"
    "@next/swc-linux-arm64-gnu" "12.1.0"
    "@next/swc-linux-arm64-musl" "12.1.0"
    "@next/swc-linux-x64-gnu" "12.1.0"
    "@next/swc-linux-x64-musl" "12.1.0"
    "@next/swc-win32-arm64-msvc" "12.1.0"
    "@next/swc-win32-ia32-msvc" "12.1.0"
    "@next/swc-win32-x64-msvc" "12.1.0"

"node-fetch@^2.6.1":
  "integrity" "sha512-ZjMPFEfVx5j+y2yF35Kzx5sF7kDzxuDj6ziH4FFbOp87zKDZNx8yExJIb05OGF4Nlt9IHFIMBkRl41VdvcNdbQ=="
  "resolved" "https://registry.npmjs.org/node-fetch/-/node-fetch-2.6.7.tgz"
  "version" "2.6.7"
  dependencies:
    "whatwg-url" "^5.0.0"

"object-assign@^4.1.1":
  "integrity" "sha1-IQmtx5ZYh8/AXLvUQsrIv7s2CGM="
  "resolved" "https://registry.npmjs.org/object-assign/-/object-assign-4.1.1.tgz"
  "version" "4.1.1"

"object-inspect@^1.8.0":
  "integrity" "sha512-jLdtEOB112fORuypAyl/50VRVIBIdVQOSUUGQHzJ4xBSbit81zRarz7GThkEFZy1RceYrWYcPcBFPQwHyAc1gA=="
  "resolved" "https://registry.npmjs.org/object-inspect/-/object-inspect-1.8.0.tgz"
  "version" "1.8.0"

"object-is@^1.0.1":
  "integrity" "sha512-teyqLvFWzLkq5B9ki8FVWA902UER2qkxmdA4nLf+wjOLAWgxzCWZNCxpDq9MvE8MmhWNr+I8w3BN49Vx36Y6Xg=="
  "resolved" "https://registry.npmjs.org/object-is/-/object-is-1.1.3.tgz"
  "version" "1.1.3"
  dependencies:
    "define-properties" "^1.1.3"
    "es-abstract" "^1.18.0-next.1"

"object-keys@^1.0.12", "object-keys@^1.1.1":
  "integrity" "sha512-NuAESUOUMrlIXOfHKzD6bpPu3tYt3xvjNdRIQ+FeT0lNb4K8WR70CaDxhuNguS2XG+GjkyMwOzsN5ZktImfhLA=="
  "resolved" "https://registry.npmjs.org/object-keys/-/object-keys-1.1.1.tgz"
  "version" "1.1.1"

"object.assign@^4.1.1":
  "integrity" "sha512-VT/cxmx5yaoHSOTSyrCygIDFco+RsibY2NM0a4RdEeY/4KgqezwFtK1yr3U67xYhqJSlASm2pKhLVzPj2lr4bA=="
  "resolved" "https://registry.npmjs.org/object.assign/-/object.assign-4.1.1.tgz"
  "version" "4.1.1"
  dependencies:
    "define-properties" "^1.1.3"
    "es-abstract" "^1.18.0-next.0"
    "has-symbols" "^1.0.1"
    "object-keys" "^1.1.1"

"optimism@^0.13.0":
  "integrity" "sha512-6JAh3dH+YUE4QUdsgUw8nUQyrNeBKfAEKOHMlLkQ168KhIYFIxzPsHakWrRXDnTO+x61RJrS3/2uEt6W0xlocA=="
  "resolved" "https://registry.npmjs.org/optimism/-/optimism-0.13.0.tgz"
  "version" "0.13.0"
  dependencies:
    "@wry/context" "^0.5.2"

"picocolors@^1.0.0":
  "integrity" "sha512-1fygroTLlHu66zi26VoTDv8yRgm0Fccecssto+MhsZ0D/DGW2sm8E8AjW7NU5VVTRt5GxbeZ5qBuJr+HyLYkjQ=="
  "resolved" "https://registry.npmjs.org/picocolors/-/picocolors-1.0.0.tgz"
  "version" "1.0.0"

"popper.js@^1.14.4":
  "integrity" "sha512-Wb4p1J4zyFTbM+u6WuO4XstYx4Ky9Cewe4DWrel7B0w6VVICvPwdOpotjzcf6eD8TsckVnIMNONQyPIUFOUbCQ=="
  "resolved" "https://registry.npmjs.org/popper.js/-/popper.js-1.16.1.tgz"
  "version" "1.16.1"

"postcss@8.4.5":
  "integrity" "sha512-jBDboWM8qpaqwkMwItqTQTiFikhs/67OYVvblFFTM7MrZjt6yMKd6r2kgXizEbTTljacm4NldIlZnhbjr84QYg=="
  "resolved" "https://registry.npmjs.org/postcss/-/postcss-8.4.5.tgz"
  "version" "8.4.5"
  dependencies:
    "nanoid" "^3.1.30"
    "picocolors" "^1.0.0"
    "source-map-js" "^1.0.1"

"prop-types@^15.0.0", "prop-types@^15.5.8", "prop-types@^15.6.1", "prop-types@^15.6.2", "prop-types@^15.7.2":
  "integrity" "sha512-8QQikdH7//R2vurIJSutZ1smHYTcLpRWEOlHnzcWHmBYrOGUysKwSsrC89BCiFj3CbrfJ/nXFdJepOVrY1GCHQ=="
  "resolved" "https://registry.npmjs.org/prop-types/-/prop-types-15.7.2.tgz"
  "version" "15.7.2"
  dependencies:
    "loose-envify" "^1.4.0"
    "object-assign" "^4.1.1"
    "react-is" "^16.8.1"

"react-dom@^16.3.0", "react-dom@^16.8.0", "react-dom@^17.0.2 || ^18.0.0-0", "react-dom@>=15.0.0", "react-dom@16.14.0":
  "integrity" "sha512-1gCeQXDLoIqMgqD3IO2Ah9bnf0w9kzhwN5q4FGnHZ67hBm9yePzB5JJAIQCc8x3pFnNlwFq4RidZggNAAkzWWw=="
  "resolved" "https://registry.npmjs.org/react-dom/-/react-dom-16.14.0.tgz"
  "version" "16.14.0"
  dependencies:
    "loose-envify" "^1.1.0"
    "object-assign" "^4.1.1"
    "prop-types" "^15.6.2"
    "scheduler" "^0.19.1"

"react-is@^16.7.0", "react-is@^16.8.1":
  "integrity" "sha512-24e6ynE2H+OKt4kqsOvNd8kBpV65zoxbA4BVsEOB3ARVWQki/DHzaUoC5KuON/BiccDaCCTZBuOcfZs70kR8bQ=="
  "resolved" "https://registry.npmjs.org/react-is/-/react-is-16.13.1.tgz"
  "version" "16.13.1"

"react-lifecycles-compat@^3.0.4":
  "integrity" "sha512-fBASbA6LnOU9dOU2eW7aQ8xmYBSXUIWr+UmF9b1efZBazGNO+rcXT/icdKnYm2pTwcRylVUYwW7H1PHfLekVzA=="
  "resolved" "https://registry.npmjs.org/react-lifecycles-compat/-/react-lifecycles-compat-3.0.4.tgz"
  "version" "3.0.4"

"react-popper@^1.3.6":
  "integrity" "sha512-nmqYTx7QVjCm3WUZLeuOomna138R1luC4EqkW3hxJUrAe+3eNz3oFCLYdnPwILfn0mX1Ew2c3wctrjlUMYYUww=="
  "resolved" "https://registry.npmjs.org/react-popper/-/react-popper-1.3.7.tgz"
  "version" "1.3.7"
  dependencies:
    "@babel/runtime" "^7.1.2"
    "create-react-context" "^0.3.0"
    "deep-equal" "^1.1.1"
    "popper.js" "^1.14.4"
    "prop-types" "^15.6.1"
    "typed-styles" "^0.0.7"
    "warning" "^4.0.2"

"react-transition-group@^2.3.1":
  "integrity" "sha512-+HzNTCHpeQyl4MJ/bdE0u6XRMe9+XG/+aL4mCxVN4DnPBQ0/5bfHWPDuOZUzYdMj94daZaZdCCc1Dzt9R/xSSg=="
  "resolved" "https://registry.npmjs.org/react-transition-group/-/react-transition-group-2.9.0.tgz"
  "version" "2.9.0"
  dependencies:
    "dom-helpers" "^3.4.0"
    "loose-envify" "^1.4.0"
    "prop-types" "^15.6.2"
    "react-lifecycles-compat" "^3.0.4"

"react@^0.14.0 || ^15.0.0 || ^16.0.0", "react@^16.14.0", "react@^16.3.0", "react@^16.8.0", "react@^16.8.0 || ^17.0.0", "react@^17.0.2 || ^18.0.0-0", "react@>= 16.8.0 || 17.x.x || 18.x.x", "react@>=15.0.0", "react@0.14.x || ^15.0.0 || ^16.0.0", "react@16.14.0":
  "integrity" "sha512-0X2CImDkJGApiAlcf0ODKIneSwBPhqJawOa5wCtKbu7ZECrmS26NvtSILynQ66cgkT/RJ4LidJOc3bUESwmU8g=="
  "resolved" "https://registry.npmjs.org/react/-/react-16.14.0.tgz"
  "version" "16.14.0"
  dependencies:
    "loose-envify" "^1.1.0"
    "object-assign" "^4.1.1"
    "prop-types" "^15.6.2"

"reactstrap@^8.6.0":
  "integrity" "sha512-03/UMbLPR6MhVStVUfCLuKh8xh4JOtNVkRxDB9/uHixN+cEQPOpSYa0K69YyK1/2YdZBs2qS6y0cQkK8NQKBHA=="
  "resolved" "https://registry.npmjs.org/reactstrap/-/reactstrap-8.6.0.tgz"
  "version" "8.6.0"
  dependencies:
    "@babel/runtime" "^7.2.0"
    "classnames" "^2.2.3"
    "prop-types" "^15.5.8"
    "react-popper" "^1.3.6"
    "react-transition-group" "^2.3.1"

"regenerator-runtime@^0.13.4":
  "integrity" "sha512-a54FxoJDIr27pgf7IgeQGxmqUNYrcV338lf/6gH456HZ/PhX+5BcwHXG9ajESmwe6WRO0tAzRUrRmNONWgkrew=="
  "resolved" "https://registry.npmjs.org/regenerator-runtime/-/regenerator-runtime-0.13.7.tgz"
  "version" "0.13.7"

"regexp.prototype.flags@^1.2.0":
  "integrity" "sha512-2+Q0C5g951OlYlJz6yu5/M33IcsESLlLfsyIaLJaG4FA2r4yP8MvVMJUUP/fVBkSpbbbZlS5gynbEWLipiiXiQ=="
  "resolved" "https://registry.npmjs.org/regexp.prototype.flags/-/regexp.prototype.flags-1.3.0.tgz"
  "version" "1.3.0"
  dependencies:
    "define-properties" "^1.1.3"
    "es-abstract" "^1.17.0-next.1"

"scheduler@^0.19.1":
  "integrity" "sha512-n/zwRWRYSUj0/3g/otKDRPMh6qv2SYMWNq85IEa8iZyAv8od9zDYpGSnpBEjNgcMNq6Scbu5KfIPxNF72R/2EA=="
  "resolved" "https://registry.npmjs.org/scheduler/-/scheduler-0.19.1.tgz"
  "version" "0.19.1"
  dependencies:
    "loose-envify" "^1.1.0"
    "object-assign" "^4.1.1"

"source-map-js@^1.0.1":
  "integrity" "sha512-R0XvVJ9WusLiqTCEiGCmICCMplcCkIwwR11mOSD9CR5u+IXYdiseeEuXCVAjS54zqwkLcPNnmU4OeJ6tUrWhDw=="
  "resolved" "https://registry.npmjs.org/source-map-js/-/source-map-js-1.0.2.tgz"
  "version" "1.0.2"

"source-map-support@~0.5.19":
  "integrity" "sha512-Wonm7zOCIJzBGQdB+thsPar0kYuCIzYvxZwlBa87yi/Mdjv7Tip2cyVbLj5o0cFPN4EVkuTwb3GDDyUx2DGnGw=="
  "resolved" "https://registry.npmjs.org/source-map-support/-/source-map-support-0.5.19.tgz"
  "version" "0.5.19"
  dependencies:
    "buffer-from" "^1.0.0"
    "source-map" "^0.6.0"

"source-map@^0.6.0":
  "integrity" "sha512-UjgapumWlbMhkBgzT7Ykc5YXUT46F0iKu8SGXq0bcwP5dz/h0Plj6enJqjz1Zbq2l5WaqYnrVbwWOWMyF3F47g=="
  "resolved" "https://registry.npmjs.org/source-map/-/source-map-0.6.1.tgz"
  "version" "0.6.1"

"source-map@~0.7.2":
  "integrity" "sha512-CkCj6giN3S+n9qrYiBTX5gystlENnRW5jZeNLHpe6aue+SrHcG5VYwujhW9s4dY31mEGsxBDrHR6oI69fTXsaQ=="
  "resolved" "https://registry.npmjs.org/source-map/-/source-map-0.7.3.tgz"
  "version" "0.7.3"

"string.prototype.trimend@^1.0.1":
  "integrity" "sha512-LRPxFUaTtpqYsTeNKaFOw3R4bxIzWOnbQ837QfBylo8jIxtcbK/A/sMV7Q+OAV/vWo+7s25pOE10KYSjaSO06g=="
  "resolved" "https://registry.npmjs.org/string.prototype.trimend/-/string.prototype.trimend-1.0.1.tgz"
  "version" "1.0.1"
  dependencies:
    "define-properties" "^1.1.3"
    "es-abstract" "^1.17.5"

"string.prototype.trimstart@^1.0.1":
  "integrity" "sha512-XxZn+QpvrBI1FOcg6dIpxUPgWCPuNXvMD72aaRaUQv1eD4e/Qy8i/hFTe0BUmD60p/QA6bh1avmuPTfNjqVWRw=="
  "resolved" "https://registry.npmjs.org/string.prototype.trimstart/-/string.prototype.trimstart-1.0.1.tgz"
  "version" "1.0.1"
  dependencies:
    "define-properties" "^1.1.3"
    "es-abstract" "^1.17.5"

"styled-jsx@5.0.0":
  "integrity" "sha512-qUqsWoBquEdERe10EW8vLp3jT25s/ssG1/qX5gZ4wu15OZpmSMFI2v+fWlRhLfykA5rFtlJ1ME8A8pm/peV4WA=="
  "resolved" "https://registry.npmjs.org/styled-jsx/-/styled-jsx-5.0.0.tgz"
  "version" "5.0.0"

"symbol-observable@^2.0.0":
  "integrity" "sha512-sQV7phh2WCYAn81oAkakC5qjq2Ml0g8ozqz03wOGnx9dDlG1de6yrF+0RAzSJD8fPUow3PTSMf2SAbOGxb93BA=="
  "resolved" "https://registry.npmjs.org/symbol-observable/-/symbol-observable-2.0.3.tgz"
  "version" "2.0.3"

"terser@^5.2.0":
  "integrity" "sha512-Qw3CZAMmmfU824AoGKalx+riwocSI5Cs0PoGp9RdSLfmxkmJgyBxqLBP/isDNtFyhHnitikvRMZzyVgeq+U+Tg=="
  "resolved" "https://registry.npmjs.org/terser/-/terser-5.3.5.tgz"
  "version" "5.3.5"
  dependencies:
    "commander" "^2.20.0"
    "source-map" "~0.7.2"
    "source-map-support" "~0.5.19"

"tr46@~0.0.3":
  "integrity" "sha1-gYT9NH2snNwYWZLzpmIuFLnZq2o="
  "resolved" "https://registry.npmjs.org/tr46/-/tr46-0.0.3.tgz"
  "version" "0.0.3"

"ts-invariant@^0.4.4":
  "integrity" "sha512-uEtWkFM/sdZvRNNDL3Ehu4WVpwaulhwQszV8mrtcdeE8nN00BV9mAmQ88RkrBhFgl9gMgvjJLAQcZbnPXI9mlA=="
  "resolved" "https://registry.npmjs.org/ts-invariant/-/ts-invariant-0.4.4.tgz"
  "version" "0.4.4"
  dependencies:
    "tslib" "^1.9.3"

"tslib@^1.10.0", "tslib@^1.9.3":
  "integrity" "sha512-Xni35NKzjgMrwevysHTCArtLDpPvye8zV/0E4EyYn43P7/7qvQwPh9BGkHewbMulVntbigmcT7rdX3BNo9wRJg=="
  "resolved" "https://registry.npmjs.org/tslib/-/tslib-1.14.1.tgz"
  "version" "1.14.1"

"typed-styles@^0.0.7":
  "integrity" "sha512-pzP0PWoZUhsECYjABgCGQlRGL1n7tOHsgwYv3oIiEpJwGhFTuty/YNeduxQYzXXa3Ge5BdT6sHYIQYpl4uJ+5Q=="
  "resolved" "https://registry.npmjs.org/typed-styles/-/typed-styles-0.0.7.tgz"
  "version" "0.0.7"

"use-subscription@1.5.1":
  "integrity" "sha512-Xv2a1P/yReAjAbhylMfFplFKj9GssgTwN7RlcTxBujFQcloStWNDQdc4g4NRWH9xS4i/FDk04vQBptAXoF3VcA=="
  "resolved" "https://registry.npmjs.org/use-subscription/-/use-subscription-1.5.1.tgz"
  "version" "1.5.1"
  dependencies:
    "object-assign" "^4.1.1"

"warning@^4.0.2", "warning@^4.0.3":
  "integrity" "sha512-rpJyN222KWIvHJ/F53XSZv0Zl/accqHR8et1kpaMTD/fLCRxtV8iX8czMzY7sVZupTI3zcUTg8eycS2kNF9l6w=="
  "resolved" "https://registry.npmjs.org/warning/-/warning-4.0.3.tgz"
  "version" "4.0.3"
  dependencies:
    "loose-envify" "^1.0.0"

"webidl-conversions@^3.0.0":
  "integrity" "sha1-JFNCdeKnvGvnvIZhHMFq4KVlSHE="
  "resolved" "https://registry.npmjs.org/webidl-conversions/-/webidl-conversions-3.0.1.tgz"
  "version" "3.0.1"

"whatwg-fetch@^3.4.1":
  "integrity" "sha512-sofZVzE1wKwO+EYPbWfiwzaKovWiZXf4coEzjGP9b2GBVgQRLQUZ2QcuPpQExGDAW5GItpEm6Tl4OU5mywnAoQ=="
  "resolved" "https://registry.npmjs.org/whatwg-fetch/-/whatwg-fetch-3.4.1.tgz"
  "version" "3.4.1"

"whatwg-url@^5.0.0":
  "integrity" "sha1-lmRU6HZUYuN2RNNib2dCzotwll0="
  "resolved" "https://registry.npmjs.org/whatwg-url/-/whatwg-url-5.0.0.tgz"
  "version" "5.0.0"
  dependencies:
    "tr46" "~0.0.3"
    "webidl-conversions" "^3.0.0"

"zen-observable@^0.8.14":
  "integrity" "sha512-PQ2PC7R9rslx84ndNBZB/Dkv8V8fZEpk83RLgXtYd0fwUgEjseMn1Dgajh2x6S8QbZAFa9p2qVCEuYZNgve0dQ=="
  "resolved" "https://registry.npmjs.org/zen-observable/-/zen-observable-0.8.15.tgz"
  "version" "0.8.15"
